
Microsoft Visual Studio Solution File, Format Version 12.00
# Visual Studio 14
VisualStudioVersion = 14.0.25420.1
MinimumVisualStudioVersion = 10.0.40219.1
Project("{FAE04EC0-301F-11D3-BF4B-00C04F79EFBC}") = "Runnable", "Runnable\Runnable.csproj", "{2AE75D6E-4B15-414B-9352-723929D1DBD4}"
EndProject
Project("{FAE04EC0-301F-11D3-BF4B-00C04F79EFBC}") = "GameLogik", "GameLogik\GameLogik.csproj", "{BCAFBC97-C8AC-4FCB-A763-D962AA0AD0B6}"
EndProject
Project("{2150E333-8FDC-42A3-9474-1A3956D46DE8}") = "Start", "Start", "{4BF5B542-B6A3-4FBD-A121-210162F68644}"
EndProject
Project("{2150E333-8FDC-42A3-9474-1A3956D46DE8}") = "Logik", "Logik", "{6A433443-80A0-433A-B6F2-96A6D27FF182}"
EndProject
Project("{2150E333-8FDC-42A3-9474-1A3956D46DE8}") = "GraphicEngine", "GraphicEngine", "{B872D731-C995-4441-ADF3-AFAD0EBF380B}"
EndProject
Project("{8BC9CEB8-8B4A-11D0-8D11-00A0C91BC942}") = "Engine", "Engine\Engine.vcxproj", "{15C17309-FF78-47AA-95F5-264ECF6D0A29}"
EndProject
Project("{8BC9CEB8-8B4A-11D0-8D11-00A0C91BC942}") = "EngineWrapper", "EngineWrapper\EngineWrapper.vcxproj", "{DEFDDDE2-D35C-4076-ABBE-C1AA0A1BFF67}"
EndProject
Project("{2150E333-8FDC-42A3-9474-1A3956D46DE8}") = "Input", "Input", "{6343A89A-26E5-4E57-8420-FF778EC7BF0D}"
EndProject
Project("{FAE04EC0-301F-11D3-BF4B-00C04F79EFBC}") = "InputHandler", "InputHandler\InputHandler.csproj", "{C0A0B792-CCAF-48AF-8764-17AEEE58764D}"
EndProject
Project("{2150E333-8FDC-42A3-9474-1A3956D46DE8}") = "AdditionalDlls", "AdditionalDlls", "{C835D695-A9E7-4A22-ADF5-7A8BB07040C5}"
EndProject
Project("{2150E333-8FDC-42A3-9474-1A3956D46DE8}") = "Models", "Models", "{9FA0CBB7-B441-4BE9-B712-4D0957C0914B}"
	ProjectSection(SolutionItems) = preProject
		Models\Cube.obj = Models\Cube.obj
	EndProjectSection
EndProject
Global
	GlobalSection(SolutionConfigurationPlatforms) = preSolution
		Debug|Any CPU = Debug|Any CPU
		Debug|x64 = Debug|x64
		Debug|x86 = Debug|x86
		Release|Any CPU = Release|Any CPU
		Release|x64 = Release|x64
		Release|x86 = Release|x86
	EndGlobalSection
	GlobalSection(ProjectConfigurationPlatforms) = postSolution
		{2AE75D6E-4B15-414B-9352-723929D1DBD4}.Debug|Any CPU.ActiveCfg = Debug|Any CPU
		{2AE75D6E-4B15-414B-9352-723929D1DBD4}.Debug|Any CPU.Build.0 = Debug|Any CPU
		{2AE75D6E-4B15-414B-9352-723929D1DBD4}.Debug|x64.ActiveCfg = Debug|Any CPU
		{2AE75D6E-4B15-414B-9352-723929D1DBD4}.Debug|x64.Build.0 = Debug|Any CPU
		{2AE75D6E-4B15-414B-9352-723929D1DBD4}.Debug|x86.ActiveCfg = Debug|Any CPU
		{2AE75D6E-4B15-414B-9352-723929D1DBD4}.Debug|x86.Build.0 = Debug|Any CPU
		{2AE75D6E-4B15-414B-9352-723929D1DBD4}.Release|Any CPU.ActiveCfg = Release|Any CPU
		{2AE75D6E-4B15-414B-9352-723929D1DBD4}.Release|Any CPU.Build.0 = Release|Any CPU
		{2AE75D6E-4B15-414B-9352-723929D1DBD4}.Release|x64.ActiveCfg = Release|Any CPU
		{2AE75D6E-4B15-414B-9352-723929D1DBD4}.Release|x64.Build.0 = Release|Any CPU
		{2AE75D6E-4B15-414B-9352-723929D1DBD4}.Release|x86.ActiveCfg = Release|Any CPU
		{2AE75D6E-4B15-414B-9352-723929D1DBD4}.Release|x86.Build.0 = Release|Any CPU
		{BCAFBC97-C8AC-4FCB-A763-D962AA0AD0B6}.Debug|Any CPU.ActiveCfg = Debug|Any CPU
		{BCAFBC97-C8AC-4FCB-A763-D962AA0AD0B6}.Debug|Any CPU.Build.0 = Debug|Any CPU
		{BCAFBC97-C8AC-4FCB-A763-D962AA0AD0B6}.Debug|x64.ActiveCfg = Debug|Any CPU
		{BCAFBC97-C8AC-4FCB-A763-D962AA0AD0B6}.Debug|x64.Build.0 = Debug|Any CPU
		{BCAFBC97-C8AC-4FCB-A763-D962AA0AD0B6}.Debug|x86.ActiveCfg = Debug|Any CPU
		{BCAFBC97-C8AC-4FCB-A763-D962AA0AD0B6}.Debug|x86.Build.0 = Debug|Any CPU
		{BCAFBC97-C8AC-4FCB-A763-D962AA0AD0B6}.Release|Any CPU.ActiveCfg = Release|Any CPU
		{BCAFBC97-C8AC-4FCB-A763-D962AA0AD0B6}.Release|Any CPU.Build.0 = Release|Any CPU
		{BCAFBC97-C8AC-4FCB-A763-D962AA0AD0B6}.Release|x64.ActiveCfg = Release|Any CPU
		{BCAFBC97-C8AC-4FCB-A763-D962AA0AD0B6}.Release|x64.Build.0 = Release|Any CPU
		{BCAFBC97-C8AC-4FCB-A763-D962AA0AD0B6}.Release|x86.ActiveCfg = Release|Any CPU
		{BCAFBC97-C8AC-4FCB-A763-D962AA0AD0B6}.Release|x86.Build.0 = Release|Any CPU
		{15C17309-FF78-47AA-95F5-264ECF6D0A29}.Debug|Any CPU.ActiveCfg = Debug|Win32
		{15C17309-FF78-47AA-95F5-264ECF6D0A29}.Debug|x64.ActiveCfg = Debug|x64
		{15C17309-FF78-47AA-95F5-264ECF6D0A29}.Debug|x64.Build.0 = Debug|x64
		{15C17309-FF78-47AA-95F5-264ECF6D0A29}.Debug|x86.ActiveCfg = Debug|Win32
		{15C17309-FF78-47AA-95F5-264ECF6D0A29}.Debug|x86.Build.0 = Debug|Win32
		{15C17309-FF78-47AA-95F5-264ECF6D0A29}.Release|Any CPU.ActiveCfg = Release|Win32
		{15C17309-FF78-47AA-95F5-264ECF6D0A29}.Release|x64.ActiveCfg = Release|x64
		{15C17309-FF78-47AA-95F5-264ECF6D0A29}.Release|x64.Build.0 = Release|x64
		{15C17309-FF78-47AA-95F5-264ECF6D0A29}.Release|x86.ActiveCfg = Release|Win32
		{15C17309-FF78-47AA-95F5-264ECF6D0A29}.Release|x86.Build.0 = Release|Win32
		{DEFDDDE2-D35C-4076-ABBE-C1AA0A1BFF67}.Debug|Any CPU.ActiveCfg = Debug|Win32
		{DEFDDDE2-D35C-4076-ABBE-C1AA0A1BFF67}.Debug|x64.ActiveCfg = Debug|x64
		{DEFDDDE2-D35C-4076-ABBE-C1AA0A1BFF67}.Debug|x64.Build.0 = Debug|x64
		{DEFDDDE2-D35C-4076-ABBE-C1AA0A1BFF67}.Debug|x86.ActiveCfg = Debug|Win32
		{DEFDDDE2-D35C-4076-ABBE-C1AA0A1BFF67}.Debug|x86.Build.0 = Debug|Win32
		{DEFDDDE2-D35C-4076-ABBE-C1AA0A1BFF67}.Release|Any CPU.ActiveCfg = Release|Win32
		{DEFDDDE2-D35C-4076-ABBE-C1AA0A1BFF67}.Release|x64.ActiveCfg = Release|x64
		{DEFDDDE2-D35C-4076-ABBE-C1AA0A1BFF67}.Release|x64.Build.0 = Release|x64
		{DEFDDDE2-D35C-4076-ABBE-C1AA0A1BFF67}.Release|x86.ActiveCfg = Release|Win32
		{DEFDDDE2-D35C-4076-ABBE-C1AA0A1BFF67}.Release|x86.Build.0 = Release|Win32
		{C0A0B792-CCAF-48AF-8764-17AEEE58764D}.Debug|Any CPU.ActiveCfg = Debug|Any CPU
		{C0A0B792-CCAF-48AF-8764-17AEEE58764D}.Debug|Any CPU.Build.0 = Debug|Any CPU
		{C0A0B792-CCAF-48AF-8764-17AEEE58764D}.Debug|x64.ActiveCfg = Debug|Any CPU
		{C0A0B792-CCAF-48AF-8764-17AEEE58764D}.Debug|x64.Build.0 = Debug|Any CPU
		{C0A0B792-CCAF-48AF-8764-17AEEE58764D}.Debug|x86.ActiveCfg = Debug|Any CPU
		{C0A0B792-CCAF-48AF-8764-17AEEE58764D}.Debug|x86.Build.0 = Debug|Any CPU
		{C0A0B792-CCAF-48AF-8764-17AEEE58764D}.Release|Any CPU.ActiveCfg = Release|Any CPU
		{C0A0B792-CCAF-48AF-8764-17AEEE58764D}.Release|Any CPU.Build.0 = Release|Any CPU
		{C0A0B792-CCAF-48AF-8764-17AEEE58764D}.Release|x64.ActiveCfg = Release|Any CPU
		{C0A0B792-CCAF-48AF-8764-17AEEE58764D}.Release|x64.Build.0 = Release|Any CPU
		{C0A0B792-CCAF-48AF-8764-17AEEE58764D}.Release|x86.ActiveCfg = Release|Any CPU
		{C0A0B792-CCAF-48AF-8764-17AEEE58764D}.Release|x86.Build.0 = Release|Any CPU
	EndGlobalSection
	GlobalSection(SolutionProperties) = preSolution
		HideSolutionNode = FALSE
	EndGlobalSection
	GlobalSection(NestedProjects) = preSolution
		{2AE75D6E-4B15-414B-9352-723929D1DBD4} = {4BF5B542-B6A3-4FBD-A121-210162F68644}
		{BCAFBC97-C8AC-4FCB-A763-D962AA0AD0B6} = {6A433443-80A0-433A-B6F2-96A6D27FF182}
		{15C17309-FF78-47AA-95F5-264ECF6D0A29} = {B872D731-C995-4441-ADF3-AFAD0EBF380B}
		{DEFDDDE2-D35C-4076-ABBE-C1AA0A1BFF67} = {B872D731-C995-4441-ADF3-AFAD0EBF380B}
		{C0A0B792-CCAF-48AF-8764-17AEEE58764D} = {6343A89A-26E5-4E57-8420-FF778EC7BF0D}
	EndGlobalSection
EndGlobal
